// !$*UTF8*$!
{
	archiveVersion = 1;
	classes = {
	};
	objectVersion = 46;
	objects = {

/* Begin PBXBuildFile section */
		592FE361199A151E00EE6E64 /* Cocoa.framework in Frameworks */ = {isa = PBXBuildFile; fileRef = 592FE360199A151E00EE6E64 /* Cocoa.framework */; };
		592FE376199A151E00EE6E64 /* XCTest.framework in Frameworks */ = {isa = PBXBuildFile; fileRef = 592FE375199A151E00EE6E64 /* XCTest.framework */; };
		592FE377199A151E00EE6E64 /* Cocoa.framework in Frameworks */ = {isa = PBXBuildFile; fileRef = 592FE360199A151E00EE6E64 /* Cocoa.framework */; };
		592FE37A199A151E00EE6E64 /* LCSCocoaKit.framework in Frameworks */ = {isa = PBXBuildFile; fileRef = 592FE35D199A151E00EE6E64 /* LCSCocoaKit.framework */; };
		592FE380199A151E00EE6E64 /* InfoPlist.strings in Resources */ = {isa = PBXBuildFile; fileRef = 592FE37E199A151E00EE6E64 /* InfoPlist.strings */; };
		592FE382199A151E00EE6E64 /* NSColor+LCSCocoaKit_Tests.m in Sources */ = {isa = PBXBuildFile; fileRef = 592FE381199A151E00EE6E64 /* NSColor+LCSCocoaKit_Tests.m */; };
		592FE393199A166100EE6E64 /* NSColor+LCSCocoaKit.h in Headers */ = {isa = PBXBuildFile; fileRef = 592FE38F199A166100EE6E64 /* NSColor+LCSCocoaKit.h */; settings = {ATTRIBUTES = (Public, ); }; };
		592FE394199A166100EE6E64 /* NSColor+LCSCocoaKit.m in Sources */ = {isa = PBXBuildFile; fileRef = 592FE390199A166100EE6E64 /* NSColor+LCSCocoaKit.m */; };
		592FE395199A166100EE6E64 /* NSUserDefaults+LCSCocoaKit.h in Headers */ = {isa = PBXBuildFile; fileRef = 592FE391199A166100EE6E64 /* NSUserDefaults+LCSCocoaKit.h */; settings = {ATTRIBUTES = (Public, ); }; };
		592FE396199A166100EE6E64 /* NSUserDefaults+LCSCocoaKit.m in Sources */ = {isa = PBXBuildFile; fileRef = 592FE392199A166100EE6E64 /* NSUserDefaults+LCSCocoaKit.m */; };
		592FE399199A167100EE6E64 /* CIColor+LCSCocoaKit.h in Headers */ = {isa = PBXBuildFile; fileRef = 592FE397199A167100EE6E64 /* CIColor+LCSCocoaKit.h */; settings = {ATTRIBUTES = (Public, ); }; };
		592FE39A199A167100EE6E64 /* CIColor+LCSCocoaKit.m in Sources */ = {isa = PBXBuildFile; fileRef = 592FE398199A167100EE6E64 /* CIColor+LCSCocoaKit.m */; };
		592FE39F199A16CB00EE6E64 /* NSLayoutConstraint+LCSCocoaKit.h in Headers */ = {isa = PBXBuildFile; fileRef = 592FE39B199A16CB00EE6E64 /* NSLayoutConstraint+LCSCocoaKit.h */; settings = {ATTRIBUTES = (Public, ); }; };
		592FE3A0199A16CB00EE6E64 /* NSLayoutConstraint+LCSCocoaKit.m in Sources */ = {isa = PBXBuildFile; fileRef = 592FE39C199A16CB00EE6E64 /* NSLayoutConstraint+LCSCocoaKit.m */; };
		592FE3A1199A16CB00EE6E64 /* NSView+LCSCocoaKit.h in Headers */ = {isa = PBXBuildFile; fileRef = 592FE39D199A16CB00EE6E64 /* NSView+LCSCocoaKit.h */; settings = {ATTRIBUTES = (Public, ); }; };
		592FE3A2199A16CB00EE6E64 /* NSView+LCSCocoaKit.m in Sources */ = {isa = PBXBuildFile; fileRef = 592FE39E199A16CB00EE6E64 /* NSView+LCSCocoaKit.m */; };
		59A6660B19A37989007DC1DA /* LCSCocoaKit.h in Headers */ = {isa = PBXBuildFile; fileRef = 592FE36D199A151E00EE6E64 /* LCSCocoaKit.h */; settings = {ATTRIBUTES = (Public, ); }; };
		59C4F4A5199F4F2B005C5F5F /* NSBezierPath+LCSCocoaKit_Tests.m in Sources */ = {isa = PBXBuildFile; fileRef = 59C4F4A4199F4F2B005C5F5F /* NSBezierPath+LCSCocoaKit_Tests.m */; };
		59C4F4A8199F5758005C5F5F /* NSView+LCSCocoaKit_Tests.m in Sources */ = {isa = PBXBuildFile; fileRef = 59C4F4A7199F5758005C5F5F /* NSView+LCSCocoaKit_Tests.m */; };
		59C4F4AA199F588D005C5F5F /* NSLayoutConstraint+LCSCocoaKit_Tests.m in Sources */ = {isa = PBXBuildFile; fileRef = 59C4F4A9199F588D005C5F5F /* NSLayoutConstraint+LCSCocoaKit_Tests.m */; };
		59C4F4AC199F5B7A005C5F5F /* NSUserDefaults+LCSCocoaKit_Tests.m in Sources */ = {isa = PBXBuildFile; fileRef = 59C4F4AB199F5B7A005C5F5F /* NSUserDefaults+LCSCocoaKit_Tests.m */; };
		59F2B8A6199A172C00B61C13 /* NSBezierPath+LCSCocoaKit.m in Sources */ = {isa = PBXBuildFile; fileRef = 59F2B8A4199A172C00B61C13 /* NSBezierPath+LCSCocoaKit.m */; };
		59F2B8A7199A172C00B61C13 /* NSBezierPath+LCSCocoaKit.h in Headers */ = {isa = PBXBuildFile; fileRef = 59F2B8A5199A172C00B61C13 /* NSBezierPath+LCSCocoaKit.h */; settings = {ATTRIBUTES = (Public, ); }; };
/* End PBXBuildFile section */

/* Begin PBXContainerItemProxy section */
		592FE378199A151E00EE6E64 /* PBXContainerItemProxy */ = {
			isa = PBXContainerItemProxy;
			containerPortal = 592FE354199A151E00EE6E64 /* Project object */;
			proxyType = 1;
			remoteGlobalIDString = 592FE35C199A151E00EE6E64;
			remoteInfo = LCSCocoaKit;
		};
/* End PBXContainerItemProxy section */

/* Begin PBXFileReference section */
		592FE35D199A151E00EE6E64 /* LCSCocoaKit.framework */ = {isa = PBXFileReference; explicitFileType = wrapper.framework; includeInIndex = 0; path = LCSCocoaKit.framework; sourceTree = BUILT_PRODUCTS_DIR; };
		592FE360199A151E00EE6E64 /* Cocoa.framework */ = {isa = PBXFileReference; lastKnownFileType = wrapper.framework; name = Cocoa.framework; path = System/Library/Frameworks/Cocoa.framework; sourceTree = SDKROOT; };
		592FE363199A151E00EE6E64 /* Foundation.framework */ = {isa = PBXFileReference; lastKnownFileType = wrapper.framework; name = Foundation.framework; path = System/Library/Frameworks/Foundation.framework; sourceTree = SDKROOT; };
		592FE364199A151E00EE6E64 /* CoreData.framework */ = {isa = PBXFileReference; lastKnownFileType = wrapper.framework; name = CoreData.framework; path = System/Library/Frameworks/CoreData.framework; sourceTree = SDKROOT; };
		592FE365199A151E00EE6E64 /* AppKit.framework */ = {isa = PBXFileReference; lastKnownFileType = wrapper.framework; name = AppKit.framework; path = System/Library/Frameworks/AppKit.framework; sourceTree = SDKROOT; };
		592FE36D199A151E00EE6E64 /* LCSCocoaKit.h */ = {isa = PBXFileReference; lastKnownFileType = sourcecode.c.h; path = LCSCocoaKit.h; sourceTree = "<group>"; };
		592FE374199A151E00EE6E64 /* LCSCocoaKitTests.xctest */ = {isa = PBXFileReference; explicitFileType = wrapper.cfbundle; includeInIndex = 0; path = LCSCocoaKitTests.xctest; sourceTree = BUILT_PRODUCTS_DIR; };
		592FE375199A151E00EE6E64 /* XCTest.framework */ = {isa = PBXFileReference; lastKnownFileType = wrapper.framework; name = XCTest.framework; path = Library/Frameworks/XCTest.framework; sourceTree = DEVELOPER_DIR; };
		592FE37D199A151E00EE6E64 /* LCSCocoaKitTests-Info.plist */ = {isa = PBXFileReference; lastKnownFileType = text.plist.xml; path = "LCSCocoaKitTests-Info.plist"; sourceTree = "<group>"; };
		592FE37F199A151E00EE6E64 /* en */ = {isa = PBXFileReference; lastKnownFileType = text.plist.strings; name = en; path = en.lproj/InfoPlist.strings; sourceTree = "<group>"; };
		592FE381199A151E00EE6E64 /* NSColor+LCSCocoaKit_Tests.m */ = {isa = PBXFileReference; lastKnownFileType = sourcecode.c.objc; path = "NSColor+LCSCocoaKit_Tests.m"; sourceTree = "<group>"; };
		592FE38F199A166100EE6E64 /* NSColor+LCSCocoaKit.h */ = {isa = PBXFileReference; fileEncoding = 4; lastKnownFileType = sourcecode.c.h; path = "NSColor+LCSCocoaKit.h"; sourceTree = "<group>"; };
		592FE390199A166100EE6E64 /* NSColor+LCSCocoaKit.m */ = {isa = PBXFileReference; fileEncoding = 4; lastKnownFileType = sourcecode.c.objc; path = "NSColor+LCSCocoaKit.m"; sourceTree = "<group>"; };
		592FE391199A166100EE6E64 /* NSUserDefaults+LCSCocoaKit.h */ = {isa = PBXFileReference; fileEncoding = 4; lastKnownFileType = sourcecode.c.h; path = "NSUserDefaults+LCSCocoaKit.h"; sourceTree = "<group>"; };
		592FE392199A166100EE6E64 /* NSUserDefaults+LCSCocoaKit.m */ = {isa = PBXFileReference; fileEncoding = 4; lastKnownFileType = sourcecode.c.objc; path = "NSUserDefaults+LCSCocoaKit.m"; sourceTree = "<group>"; };
		592FE397199A167100EE6E64 /* CIColor+LCSCocoaKit.h */ = {isa = PBXFileReference; fileEncoding = 4; lastKnownFileType = sourcecode.c.h; path = "CIColor+LCSCocoaKit.h"; sourceTree = "<group>"; };
		592FE398199A167100EE6E64 /* CIColor+LCSCocoaKit.m */ = {isa = PBXFileReference; fileEncoding = 4; lastKnownFileType = sourcecode.c.objc; path = "CIColor+LCSCocoaKit.m"; sourceTree = "<group>"; };
		592FE39B199A16CB00EE6E64 /* NSLayoutConstraint+LCSCocoaKit.h */ = {isa = PBXFileReference; fileEncoding = 4; lastKnownFileType = sourcecode.c.h; path = "NSLayoutConstraint+LCSCocoaKit.h"; sourceTree = "<group>"; };
		592FE39C199A16CB00EE6E64 /* NSLayoutConstraint+LCSCocoaKit.m */ = {isa = PBXFileReference; fileEncoding = 4; lastKnownFileType = sourcecode.c.objc; path = "NSLayoutConstraint+LCSCocoaKit.m"; sourceTree = "<group>"; };
		592FE39D199A16CB00EE6E64 /* NSView+LCSCocoaKit.h */ = {isa = PBXFileReference; fileEncoding = 4; lastKnownFileType = sourcecode.c.h; path = "NSView+LCSCocoaKit.h"; sourceTree = "<group>"; };
		592FE39E199A16CB00EE6E64 /* NSView+LCSCocoaKit.m */ = {isa = PBXFileReference; fileEncoding = 4; lastKnownFileType = sourcecode.c.objc; path = "NSView+LCSCocoaKit.m"; sourceTree = "<group>"; };
		59C4F4A4199F4F2B005C5F5F /* NSBezierPath+LCSCocoaKit_Tests.m */ = {isa = PBXFileReference; fileEncoding = 4; lastKnownFileType = sourcecode.c.objc; path = "NSBezierPath+LCSCocoaKit_Tests.m"; sourceTree = "<group>"; };
		59C4F4A7199F5758005C5F5F /* NSView+LCSCocoaKit_Tests.m */ = {isa = PBXFileReference; fileEncoding = 4; lastKnownFileType = sourcecode.c.objc; path = "NSView+LCSCocoaKit_Tests.m"; sourceTree = "<group>"; };
		59C4F4A9199F588D005C5F5F /* NSLayoutConstraint+LCSCocoaKit_Tests.m */ = {isa = PBXFileReference; fileEncoding = 4; lastKnownFileType = sourcecode.c.objc; path = "NSLayoutConstraint+LCSCocoaKit_Tests.m"; sourceTree = "<group>"; };
		59C4F4AB199F5B7A005C5F5F /* NSUserDefaults+LCSCocoaKit_Tests.m */ = {isa = PBXFileReference; fileEncoding = 4; lastKnownFileType = sourcecode.c.objc; path = "NSUserDefaults+LCSCocoaKit_Tests.m"; sourceTree = "<group>"; };
		59F2B8A4199A172C00B61C13 /* NSBezierPath+LCSCocoaKit.m */ = {isa = PBXFileReference; fileEncoding = 4; lastKnownFileType = sourcecode.c.objc; path = "NSBezierPath+LCSCocoaKit.m"; sourceTree = "<group>"; };
		59F2B8A5199A172C00B61C13 /* NSBezierPath+LCSCocoaKit.h */ = {isa = PBXFileReference; fileEncoding = 4; lastKnownFileType = sourcecode.c.h; path = "NSBezierPath+LCSCocoaKit.h"; sourceTree = "<group>"; };
/* End PBXFileReference section */

/* Begin PBXFrameworksBuildPhase section */
		592FE359199A151E00EE6E64 /* Frameworks */ = {
			isa = PBXFrameworksBuildPhase;
			buildActionMask = 2147483647;
			files = (
				592FE361199A151E00EE6E64 /* Cocoa.framework in Frameworks */,
			);
			runOnlyForDeploymentPostprocessing = 0;
		};
		592FE371199A151E00EE6E64 /* Frameworks */ = {
			isa = PBXFrameworksBuildPhase;
			buildActionMask = 2147483647;
			files = (
				592FE377199A151E00EE6E64 /* Cocoa.framework in Frameworks */,
				592FE376199A151E00EE6E64 /* XCTest.framework in Frameworks */,
				592FE37A199A151E00EE6E64 /* LCSCocoaKit.framework in Frameworks */,
			);
			runOnlyForDeploymentPostprocessing = 0;
		};
/* End PBXFrameworksBuildPhase section */

/* Begin PBXGroup section */
		592FE353199A151E00EE6E64 = {
			isa = PBXGroup;
			children = (
				592FE366199A151E00EE6E64 /* LCSCocoaKit */,
				592FE37B199A151E00EE6E64 /* LCSCocoaKitTests */,
				592FE35F199A151E00EE6E64 /* Frameworks */,
				592FE35E199A151E00EE6E64 /* Products */,
			);
			sourceTree = "<group>";
		};
		592FE35E199A151E00EE6E64 /* Products */ = {
			isa = PBXGroup;
			children = (
				592FE35D199A151E00EE6E64 /* LCSCocoaKit.framework */,
				592FE374199A151E00EE6E64 /* LCSCocoaKitTests.xctest */,
			);
			name = Products;
			sourceTree = "<group>";
		};
		592FE35F199A151E00EE6E64 /* Frameworks */ = {
			isa = PBXGroup;
			children = (
				592FE360199A151E00EE6E64 /* Cocoa.framework */,
				592FE375199A151E00EE6E64 /* XCTest.framework */,
				592FE362199A151E00EE6E64 /* Other Frameworks */,
			);
			name = Frameworks;
			sourceTree = "<group>";
		};
		592FE362199A151E00EE6E64 /* Other Frameworks */ = {
			isa = PBXGroup;
			children = (
				592FE363199A151E00EE6E64 /* Foundation.framework */,
				592FE364199A151E00EE6E64 /* CoreData.framework */,
				592FE365199A151E00EE6E64 /* AppKit.framework */,
			);
			name = "Other Frameworks";
			sourceTree = "<group>";
		};
		592FE366199A151E00EE6E64 /* LCSCocoaKit */ = {
			isa = PBXGroup;
			children = (
				592FE36D199A151E00EE6E64 /* LCSCocoaKit.h */,
				592FE38F199A166100EE6E64 /* NSColor+LCSCocoaKit.h */,
				592FE390199A166100EE6E64 /* NSColor+LCSCocoaKit.m */,
				592FE391199A166100EE6E64 /* NSUserDefaults+LCSCocoaKit.h */,
				592FE392199A166100EE6E64 /* NSUserDefaults+LCSCocoaKit.m */,
				592FE397199A167100EE6E64 /* CIColor+LCSCocoaKit.h */,
				592FE398199A167100EE6E64 /* CIColor+LCSCocoaKit.m */,
				592FE39B199A16CB00EE6E64 /* NSLayoutConstraint+LCSCocoaKit.h */,
				592FE39C199A16CB00EE6E64 /* NSLayoutConstraint+LCSCocoaKit.m */,
				592FE39D199A16CB00EE6E64 /* NSView+LCSCocoaKit.h */,
				592FE39E199A16CB00EE6E64 /* NSView+LCSCocoaKit.m */,
				59F2B8A5199A172C00B61C13 /* NSBezierPath+LCSCocoaKit.h */,
				59F2B8A4199A172C00B61C13 /* NSBezierPath+LCSCocoaKit.m */,
			);
			path = LCSCocoaKit;
			sourceTree = "<group>";
		};
		592FE37B199A151E00EE6E64 /* LCSCocoaKitTests */ = {
			isa = PBXGroup;
			children = (
				592FE381199A151E00EE6E64 /* NSColor+LCSCocoaKit_Tests.m */,
				59C4F4A4199F4F2B005C5F5F /* NSBezierPath+LCSCocoaKit_Tests.m */,
				59C4F4A7199F5758005C5F5F /* NSView+LCSCocoaKit_Tests.m */,
				59C4F4A9199F588D005C5F5F /* NSLayoutConstraint+LCSCocoaKit_Tests.m */,
				59C4F4AB199F5B7A005C5F5F /* NSUserDefaults+LCSCocoaKit_Tests.m */,
				592FE37C199A151E00EE6E64 /* Supporting Files */,
			);
			path = LCSCocoaKitTests;
			sourceTree = "<group>";
		};
		592FE37C199A151E00EE6E64 /* Supporting Files */ = {
			isa = PBXGroup;
			children = (
				592FE37D199A151E00EE6E64 /* LCSCocoaKitTests-Info.plist */,
				592FE37E199A151E00EE6E64 /* InfoPlist.strings */,
			);
			name = "Supporting Files";
			sourceTree = "<group>";
		};
/* End PBXGroup section */

/* Begin PBXHeadersBuildPhase section */
		592FE35A199A151E00EE6E64 /* Headers */ = {
			isa = PBXHeadersBuildPhase;
			buildActionMask = 2147483647;
			files = (
				59A6660B19A37989007DC1DA /* LCSCocoaKit.h in Headers */,
				592FE395199A166100EE6E64 /* NSUserDefaults+LCSCocoaKit.h in Headers */,
				59F2B8A7199A172C00B61C13 /* NSBezierPath+LCSCocoaKit.h in Headers */,
				592FE399199A167100EE6E64 /* CIColor+LCSCocoaKit.h in Headers */,
				592FE39F199A16CB00EE6E64 /* NSLayoutConstraint+LCSCocoaKit.h in Headers */,
				592FE3A1199A16CB00EE6E64 /* NSView+LCSCocoaKit.h in Headers */,
				592FE393199A166100EE6E64 /* NSColor+LCSCocoaKit.h in Headers */,
			);
			runOnlyForDeploymentPostprocessing = 0;
		};
/* End PBXHeadersBuildPhase section */

/* Begin PBXNativeTarget section */
		592FE35C199A151E00EE6E64 /* LCSCocoaKit */ = {
			isa = PBXNativeTarget;
			buildConfigurationList = 592FE385199A151E00EE6E64 /* Build configuration list for PBXNativeTarget "LCSCocoaKit" */;
			buildPhases = (
				592FE358199A151E00EE6E64 /* Sources */,
				592FE359199A151E00EE6E64 /* Frameworks */,
				592FE35A199A151E00EE6E64 /* Headers */,
				592FE35B199A151E00EE6E64 /* Resources */,
			);
			buildRules = (
			);
			dependencies = (
			);
			name = LCSCocoaKit;
			productName = LCSCocoaKit;
			productReference = 592FE35D199A151E00EE6E64 /* LCSCocoaKit.framework */;
			productType = "com.apple.product-type.framework";
		};
		592FE373199A151E00EE6E64 /* LCSCocoaKitTests */ = {
			isa = PBXNativeTarget;
			buildConfigurationList = 592FE388199A151E00EE6E64 /* Build configuration list for PBXNativeTarget "LCSCocoaKitTests" */;
			buildPhases = (
				592FE370199A151E00EE6E64 /* Sources */,
				592FE371199A151E00EE6E64 /* Frameworks */,
				592FE372199A151E00EE6E64 /* Resources */,
			);
			buildRules = (
			);
			dependencies = (
				592FE379199A151E00EE6E64 /* PBXTargetDependency */,
			);
			name = LCSCocoaKitTests;
			productName = LCSCocoaKitTests;
			productReference = 592FE374199A151E00EE6E64 /* LCSCocoaKitTests.xctest */;
			productType = "com.apple.product-type.bundle.unit-test";
		};
/* End PBXNativeTarget section */

/* Begin PBXProject section */
		592FE354199A151E00EE6E64 /* Project object */ = {
			isa = PBXProject;
			attributes = {
				LastUpgradeCheck = 0510;
				ORGANIZATIONNAME = "Christoph Lauterbach";
				TargetAttributes = {
					592FE373199A151E00EE6E64 = {
						TestTargetID = 592FE35C199A151E00EE6E64;
					};
				};
			};
			buildConfigurationList = 592FE357199A151E00EE6E64 /* Build configuration list for PBXProject "LCSCocoaKit" */;
			compatibilityVersion = "Xcode 3.2";
			developmentRegion = English;
			hasScannedForEncodings = 0;
			knownRegions = (
				en,
			);
			mainGroup = 592FE353199A151E00EE6E64;
			productRefGroup = 592FE35E199A151E00EE6E64 /* Products */;
			projectDirPath = "";
			projectRoot = "";
			targets = (
				592FE35C199A151E00EE6E64 /* LCSCocoaKit */,
				592FE373199A151E00EE6E64 /* LCSCocoaKitTests */,
			);
		};
/* End PBXProject section */

/* Begin PBXResourcesBuildPhase section */
		592FE35B199A151E00EE6E64 /* Resources */ = {
			isa = PBXResourcesBuildPhase;
			buildActionMask = 2147483647;
			files = (
			);
			runOnlyForDeploymentPostprocessing = 0;
		};
		592FE372199A151E00EE6E64 /* Resources */ = {
			isa = PBXResourcesBuildPhase;
			buildActionMask = 2147483647;
			files = (
				592FE380199A151E00EE6E64 /* InfoPlist.strings in Resources */,
			);
			runOnlyForDeploymentPostprocessing = 0;
		};
/* End PBXResourcesBuildPhase section */

/* Begin PBXSourcesBuildPhase section */
		592FE358199A151E00EE6E64 /* Sources */ = {
			isa = PBXSourcesBuildPhase;
			buildActionMask = 2147483647;
			files = (
				592FE3A0199A16CB00EE6E64 /* NSLayoutConstraint+LCSCocoaKit.m in Sources */,
				592FE39A199A167100EE6E64 /* CIColor+LCSCocoaKit.m in Sources */,
				592FE396199A166100EE6E64 /* NSUserDefaults+LCSCocoaKit.m in Sources */,
				59F2B8A6199A172C00B61C13 /* NSBezierPath+LCSCocoaKit.m in Sources */,
				592FE394199A166100EE6E64 /* NSColor+LCSCocoaKit.m in Sources */,
				592FE3A2199A16CB00EE6E64 /* NSView+LCSCocoaKit.m in Sources */,
			);
			runOnlyForDeploymentPostprocessing = 0;
		};
		592FE370199A151E00EE6E64 /* Sources */ = {
			isa = PBXSourcesBuildPhase;
			buildActionMask = 2147483647;
			files = (
				59C4F4A5199F4F2B005C5F5F /* NSBezierPath+LCSCocoaKit_Tests.m in Sources */,
				59C4F4AA199F588D005C5F5F /* NSLayoutConstraint+LCSCocoaKit_Tests.m in Sources */,
				592FE382199A151E00EE6E64 /* NSColor+LCSCocoaKit_Tests.m in Sources */,
				59C4F4AC199F5B7A005C5F5F /* NSUserDefaults+LCSCocoaKit_Tests.m in Sources */,
				59C4F4A8199F5758005C5F5F /* NSView+LCSCocoaKit_Tests.m in Sources */,
			);
			runOnlyForDeploymentPostprocessing = 0;
		};
/* End PBXSourcesBuildPhase section */

/* Begin PBXTargetDependency section */
		592FE379199A151E00EE6E64 /* PBXTargetDependency */ = {
			isa = PBXTargetDependency;
			target = 592FE35C199A151E00EE6E64 /* LCSCocoaKit */;
			targetProxy = 592FE378199A151E00EE6E64 /* PBXContainerItemProxy */;
		};
/* End PBXTargetDependency section */

/* Begin PBXVariantGroup section */
		592FE37E199A151E00EE6E64 /* InfoPlist.strings */ = {
			isa = PBXVariantGroup;
			children = (
				592FE37F199A151E00EE6E64 /* en */,
			);
			name = InfoPlist.strings;
			sourceTree = "<group>";
		};
/* End PBXVariantGroup section */

/* Begin XCBuildConfiguration section */
		592FE383199A151E00EE6E64 /* Debug */ = {
			isa = XCBuildConfiguration;
			buildSettings = {
				ALWAYS_SEARCH_USER_PATHS = NO;
				CLANG_CXX_LANGUAGE_STANDARD = "gnu++0x";
				CLANG_CXX_LIBRARY = "libc++";
				CLANG_ENABLE_MODULES = YES;
				CLANG_ENABLE_OBJC_ARC = YES;
				CLANG_WARN_BOOL_CONVERSION = YES;
				CLANG_WARN_CONSTANT_CONVERSION = YES;
				CLANG_WARN_DIRECT_OBJC_ISA_USAGE = YES_ERROR;
				CLANG_WARN_EMPTY_BODY = YES;
				CLANG_WARN_ENUM_CONVERSION = YES;
				CLANG_WARN_INT_CONVERSION = YES;
				CLANG_WARN_OBJC_ROOT_CLASS = YES_ERROR;
				CLANG_WARN__DUPLICATE_METHOD_MATCH = YES;
				COPY_PHASE_STRIP = NO;
				GCC_C_LANGUAGE_STANDARD = gnu99;
				GCC_DYNAMIC_NO_PIC = NO;
				GCC_ENABLE_OBJC_EXCEPTIONS = YES;
				GCC_OPTIMIZATION_LEVEL = 0;
				GCC_PREPROCESSOR_DEFINITIONS = (
					"DEBUG=1",
					"$(inherited)",
				);
				GCC_SYMBOLS_PRIVATE_EXTERN = NO;
				GCC_WARN_64_TO_32_BIT_CONVERSION = YES;
				GCC_WARN_ABOUT_RETURN_TYPE = YES_ERROR;
				GCC_WARN_UNDECLARED_SELECTOR = YES;
				GCC_WARN_UNINITIALIZED_AUTOS = YES_AGGRESSIVE;
				GCC_WARN_UNUSED_FUNCTION = YES;
				GCC_WARN_UNUSED_VARIABLE = YES;
				MACOSX_DEPLOYMENT_TARGET = 10.9;
				ONLY_ACTIVE_ARCH = YES;
				SDKROOT = macosx;
			};
			name = Debug;
		};
		592FE384199A151E00EE6E64 /* Release */ = {
			isa = XCBuildConfiguration;
			buildSettings = {
				ALWAYS_SEARCH_USER_PATHS = NO;
				CLANG_CXX_LANGUAGE_STANDARD = "gnu++0x";
				CLANG_CXX_LIBRARY = "libc++";
				CLANG_ENABLE_MODULES = YES;
				CLANG_ENABLE_OBJC_ARC = YES;
				CLANG_WARN_BOOL_CONVERSION = YES;
				CLANG_WARN_CONSTANT_CONVERSION = YES;
				CLANG_WARN_DIRECT_OBJC_ISA_USAGE = YES_ERROR;
				CLANG_WARN_EMPTY_BODY = YES;
				CLANG_WARN_ENUM_CONVERSION = YES;
				CLANG_WARN_INT_CONVERSION = YES;
				CLANG_WARN_OBJC_ROOT_CLASS = YES_ERROR;
				CLANG_WARN__DUPLICATE_METHOD_MATCH = YES;
				COPY_PHASE_STRIP = YES;
				DEBUG_INFORMATION_FORMAT = "dwarf-with-dsym";
				ENABLE_NS_ASSERTIONS = NO;
				GCC_C_LANGUAGE_STANDARD = gnu99;
				GCC_ENABLE_OBJC_EXCEPTIONS = YES;
				GCC_WARN_64_TO_32_BIT_CONVERSION = YES;
				GCC_WARN_ABOUT_RETURN_TYPE = YES_ERROR;
				GCC_WARN_UNDECLARED_SELECTOR = YES;
				GCC_WARN_UNINITIALIZED_AUTOS = YES_AGGRESSIVE;
				GCC_WARN_UNUSED_FUNCTION = YES;
				GCC_WARN_UNUSED_VARIABLE = YES;
				MACOSX_DEPLOYMENT_TARGET = 10.9;
				SDKROOT = macosx;
			};
			name = Release;
		};
		592FE386199A151E00EE6E64 /* Debug */ = {
			isa = XCBuildConfiguration;
			buildSettings = {
				COMBINE_HIDPI_IMAGES = YES;
				DYLIB_COMPATIBILITY_VERSION = 1;
				DYLIB_CURRENT_VERSION = 1;
				FRAMEWORK_VERSION = A;
				GCC_PRECOMPILE_PREFIX_HEADER = YES;
				GCC_PREFIX_HEADER = "LCSCocoaKit/LCSCocoaKit-Prefix.pch";
				INFOPLIST_FILE = "LCSCocoaKit/LCSCocoaKit-Info.plist";
				PRODUCT_NAME = "$(TARGET_NAME)";
				WRAPPER_EXTENSION = framework;
			};
			name = Debug;
		};
		592FE387199A151E00EE6E64 /* Release */ = {
			isa = XCBuildConfiguration;
			buildSettings = {
				COMBINE_HIDPI_IMAGES = YES;
				DYLIB_COMPATIBILITY_VERSION = 1;
				DYLIB_CURRENT_VERSION = 1;
				FRAMEWORK_VERSION = A;
				GCC_PRECOMPILE_PREFIX_HEADER = YES;
				GCC_PREFIX_HEADER = "LCSCocoaKit/LCSCocoaKit-Prefix.pch";
				INFOPLIST_FILE = "LCSCocoaKit/LCSCocoaKit-Info.plist";
				PRODUCT_NAME = "$(TARGET_NAME)";
				WRAPPER_EXTENSION = framework;
			};
			name = Release;
		};
		592FE389199A151E00EE6E64 /* Debug */ = {
			isa = XCBuildConfiguration;
			buildSettings = {
				BUNDLE_LOADER = "$(BUILT_PRODUCTS_DIR)/LCSCocoaKit.framework/Versions/A/LCSCocoaKit";
				COMBINE_HIDPI_IMAGES = YES;
				FRAMEWORK_SEARCH_PATHS = (
					"$(DEVELOPER_FRAMEWORKS_DIR)",
					"$(inherited)",
				);
				GCC_PRECOMPILE_PREFIX_HEADER = YES;
				GCC_PREFIX_HEADER = "LCSCocoaKit/LCSCocoaKit-Prefix.pch";
				GCC_PREPROCESSOR_DEFINITIONS = (
					"DEBUG=1",
					"$(inherited)",
				);
				INFOPLIST_FILE = "LCSCocoaKitTests/LCSCocoaKitTests-Info.plist";
				PRODUCT_NAME = "$(TARGET_NAME)";
				TEST_HOST = "$(BUNDLE_LOADER)";
				WRAPPER_EXTENSION = xctest;
			};
			name = Debug;
		};
		592FE38A199A151E00EE6E64 /* Release */ = {
			isa = XCBuildConfiguration;
			buildSettings = {
				BUNDLE_LOADER = "$(BUILT_PRODUCTS_DIR)/LCSCocoaKit.framework/Versions/A/LCSCocoaKit";
				COMBINE_HIDPI_IMAGES = YES;
				FRAMEWORK_SEARCH_PATHS = (
					"$(DEVELOPER_FRAMEWORKS_DIR)",
					"$(inherited)",
				);
				GCC_PRECOMPILE_PREFIX_HEADER = YES;
				GCC_PREFIX_HEADER = "LCSCocoaKit/LCSCocoaKit-Prefix.pch";
				INFOPLIST_FILE = "LCSCocoaKitTests/LCSCocoaKitTests-Info.plist";
				PRODUCT_NAME = "$(TARGET_NAME)";
				TEST_HOST = "$(BUNDLE_LOADER)";
				WRAPPER_EXTENSION = xctest;
			};
			name = Release;
		};
/* End XCBuildConfiguration section */

/* Begin XCConfigurationList section */
		592FE357199A151E00EE6E64 /* Build configuration list for PBXProject "LCSCocoaKit" */ = {
			isa = XCConfigurationList;
			buildConfigurations = (
				592FE383199A151E00EE6E64 /* Debug */,
				592FE384199A151E00EE6E64 /* Release */,
			);
			defaultConfigurationIsVisible = 0;
			defaultConfigurationName = Release;
		};
		592FE385199A151E00EE6E64 /* Build configuration list for PBXNativeTarget "LCSCocoaKit" */ = {
			isa = XCConfigurationList;
			buildConfigurations = (
				592FE386199A151E00EE6E64 /* Debug */,
				592FE387199A151E00EE6E64 /* Release */,
			);
			defaultConfigurationIsVisible = 0;
			defaultConfigurationName = Release;
		};
		592FE388199A151E00EE6E64 /* Build configuration list for PBXNativeTarget "LCSCocoaKitTests" */ = {
			isa = XCConfigurationList;
			buildConfigurations = (
				592FE389199A151E00EE6E64 /* Debug */,
				592FE38A199A151E00EE6E64 /* Release */,
			);
			defaultConfigurationIsVisible = 0;
			defaultConfigurationName = Release;
		};
/* End XCConfigurationList section */
	};
	rootObject = 592FE354199A151E00EE6E64 /* Project object */;
}
